
Microsoft Visual Studio Solution File, Format Version 12.00
# Visual Studio 15
VisualStudioVersion = 15.0.28307.421
MinimumVisualStudioVersion = 10.0.40219.1
Project("{FAE04EC0-301F-11D3-BF4B-00C04F79EFBC}") = "MyScriptureJournal", "MyScriptureJournal\MyScriptureJournal.csproj", "{28A43649-9FD6-4DCC-A5E0-664EB147520B}"
EndProject
Global
	GlobalSection(SolutionConfigurationPlatforms) = preSolution
		Debug|Any CPU = Debug|Any CPU
		Release|Any CPU = Release|Any CPU
	EndGlobalSection
	GlobalSection(ProjectConfigurationPlatforms) = postSolution
		{28A43649-9FD6-4DCC-A5E0-664EB147520B}.Debug|Any CPU.ActiveCfg = Debug|Any CPU
		{28A43649-9FD6-4DCC-A5E0-664EB147520B}.Debug|Any CPU.Build.0 = Debug|Any CPU
		{28A43649-9FD6-4DCC-A5E0-664EB147520B}.Release|Any CPU.ActiveCfg = Release|Any CPU
		{28A43649-9FD6-4DCC-A5E0-664EB147520B}.Release|Any CPU.Build.0 = Release|Any CPU
	EndGlobalSection
	GlobalSection(SolutionProperties) = preSolution
		HideSolutionNode = FALSE
	EndGlobalSection
	GlobalSection(ExtensibilityGlobals) = postSolution
		SolutionGuid = {FCE2E0FB-EDBC-4D02-9557-BA47E98C9DFB}
	EndGlobalSection
EndGlobal
